---
apiVersion: coordination.k8s.io/v1
kind: Lease
metadata:
  creationTimestamp: "2026-01-28T09:30:33Z"
  managedFields:
  - apiVersion: coordination.k8s.io/v1
    fieldsType: FieldsV1
    fieldsV1:
      f:spec:
        f:acquireTime: {}
        f:holderIdentity: {}
        f:leaseDurationSeconds: {}
        f:leaseTransitions: {}
        f:renewTime: {}
    manager: service-ca-operator
    operation: Update
    time: "2026-01-28T10:24:21Z"
  name: service-ca-operator-lock
  namespace: openshift-service-ca-operator
  resourceVersion: "34782"
  uid: ec517ec5-c32a-4e59-814e-7931508e87d8
spec:
  acquireTime: "2026-01-28T09:31:54.389519Z"
  holderIdentity: service-ca-operator-7fc484fbbd-j2t4q_213028be-2328-4465-8431-4c551d75f22d
  leaseDurationSeconds: 137
  leaseTransitions: 1
  renewTime: "2026-01-28T10:24:21.233989Z"
