---
apiVersion: coordination.k8s.io/v1
kind: Lease
metadata:
  creationTimestamp: "2026-01-28T09:40:52Z"
  managedFields:
  - apiVersion: coordination.k8s.io/v1
    fieldsType: FieldsV1
    fieldsV1:
      f:spec:
        f:acquireTime: {}
        f:holderIdentity: {}
        f:leaseDurationSeconds: {}
        f:leaseTransitions: {}
        f:renewTime: {}
    manager: cluster-kube-scheduler-operator
    operation: Update
    time: "2026-01-28T10:24:13Z"
  name: cert-recovery-controller-lock
  namespace: openshift-kube-scheduler
  resourceVersion: "34754"
  uid: 9bc196cf-f971-4ef6-91e7-d425d515b8b3
spec:
  acquireTime: "2026-01-28T09:40:52.431807Z"
  holderIdentity: ip-10-0-102-200_1ad97056-0d43-4b26-9183-f9333189b860
  leaseDurationSeconds: 137
  leaseTransitions: 0
  renewTime: "2026-01-28T10:24:13.047764Z"
