---
apiVersion: coordination.k8s.io/v1
kind: Lease
metadata:
  creationTimestamp: "2026-01-28T09:30:34Z"
  managedFields:
  - apiVersion: coordination.k8s.io/v1
    fieldsType: FieldsV1
    fieldsV1:
      f:spec:
        f:acquireTime: {}
        f:holderIdentity: {}
        f:leaseDurationSeconds: {}
        f:leaseTransitions: {}
        f:renewTime: {}
    manager: cluster-etcd-operator
    operation: Update
    time: "2026-01-28T10:24:27Z"
  name: openshift-cluster-etcd-operator-lock
  namespace: openshift-etcd-operator
  resourceVersion: "34831"
  uid: 7032c332-9ccb-430d-8afe-ddfb0b661c8a
spec:
  acquireTime: "2026-01-28T09:32:00.205843Z"
  holderIdentity: etcd-operator-86dcff847c-dnhnc_eca50234-5ccf-4cee-b4f2-8ab087b57094
  leaseDurationSeconds: 137
  leaseTransitions: 1
  renewTime: "2026-01-28T10:24:27.067364Z"
