---
apiVersion: coordination.k8s.io/v1
kind: Lease
metadata:
  creationTimestamp: "2026-01-28T09:30:32Z"
  managedFields:
  - apiVersion: coordination.k8s.io/v1
    fieldsType: FieldsV1
    fieldsV1:
      f:spec:
        f:acquireTime: {}
        f:holderIdentity: {}
        f:leaseDurationSeconds: {}
        f:leaseTransitions: {}
        f:renewTime: {}
    manager: cluster-kube-storage-version-migrator-operator
    operation: Update
    time: "2026-01-28T10:24:20Z"
  name: openshift-kube-storage-version-migrator-operator-lock
  namespace: openshift-kube-storage-version-migrator-operator
  resourceVersion: "34779"
  uid: 6cb44a6e-9d25-44f8-a89c-d465ad8800b6
spec:
  acquireTime: "2026-01-28T09:31:53.596722Z"
  holderIdentity: kube-storage-version-migrator-operator-fd7dc879c-k2xj9_ef65a11e-9625-45ac-865c-046d35cad2c2
  leaseDurationSeconds: 137
  leaseTransitions: 1
  renewTime: "2026-01-28T10:24:20.556060Z"
