---
apiVersion: coordination.k8s.io/v1
kind: Lease
metadata:
  creationTimestamp: "2026-01-28T09:31:58Z"
  managedFields:
  - apiVersion: coordination.k8s.io/v1
    fieldsType: FieldsV1
    fieldsV1:
      f:spec:
        f:acquireTime: {}
        f:holderIdentity: {}
        f:leaseDurationSeconds: {}
        f:leaseTransitions: {}
        f:renewTime: {}
    manager: psm
    operation: Update
    time: "2026-01-28T10:24:26Z"
  name: packageserver-controller-lock
  namespace: openshift-operator-lifecycle-manager
  resourceVersion: "34827"
  uid: effc25d8-4184-43e0-a638-99287e9d5848
spec:
  acquireTime: "2026-01-28T09:31:58.693394Z"
  holderIdentity: package-server-manager-86b5888bc9-h9m6s_d74152f2-090f-4595-869a-e67778e4d2f8
  leaseDurationSeconds: 137
  leaseTransitions: 0
  renewTime: "2026-01-28T10:24:26.087880Z"
