---
apiVersion: coordination.k8s.io/v1
kind: Lease
metadata:
  creationTimestamp: "2026-01-28T09:30:48Z"
  managedFields:
  - apiVersion: coordination.k8s.io/v1
    fieldsType: FieldsV1
    fieldsV1:
      f:spec:
        f:acquireTime: {}
        f:holderIdentity: {}
        f:leaseDurationSeconds: {}
        f:leaseTransitions: {}
        f:renewTime: {}
    manager: cluster-config-operator
    operation: Update
    time: "2026-01-28T10:24:23Z"
  name: config-operator-lock
  namespace: openshift-config-operator
  resourceVersion: "34794"
  uid: 8f69d117-3ac4-46fc-9099-67a7926c2d07
spec:
  acquireTime: "2026-01-28T09:31:04.562238Z"
  holderIdentity: openshift-config-operator-6ddf5984bb-xrwj6_4c81db01-fadf-49cc-8f07-342ef57f7cf1
  leaseDurationSeconds: 137
  leaseTransitions: 1
  renewTime: "2026-01-28T10:24:23.416614Z"
