---
apiVersion: coordination.k8s.io/v1
kind: Lease
metadata:
  creationTimestamp: "2026-01-28T09:30:35Z"
  managedFields:
  - apiVersion: coordination.k8s.io/v1
    fieldsType: FieldsV1
    fieldsV1:
      f:spec:
        f:acquireTime: {}
        f:holderIdentity: {}
        f:leaseDurationSeconds: {}
        f:leaseTransitions: {}
        f:renewTime: {}
    manager: cluster-kube-scheduler-operator
    operation: Update
    time: "2026-01-28T10:24:27Z"
  name: openshift-cluster-kube-scheduler-operator-lock
  namespace: openshift-kube-scheduler-operator
  resourceVersion: "34839"
  uid: 49dd6c5e-c145-441e-a4e3-9c9d72cacfc4
spec:
  acquireTime: "2026-01-28T09:32:01.164263Z"
  holderIdentity: openshift-kube-scheduler-operator-658775bbff-4gb72_537963d6-ae89-43f1-801f-fdd84c67cc8e
  leaseDurationSeconds: 137
  leaseTransitions: 1
  renewTime: "2026-01-28T10:24:27.989085Z"
