---
apiVersion: coordination.k8s.io/v1
kind: Lease
metadata:
  creationTimestamp: "2026-01-28T09:31:05Z"
  managedFields:
  - apiVersion: coordination.k8s.io/v1
    fieldsType: FieldsV1
    fieldsV1:
      f:spec:
        f:acquireTime: {}
        f:holderIdentity: {}
        f:leaseDurationSeconds: {}
        f:leaseTransitions: {}
        f:renewTime: {}
    manager: cluster-storage-operator
    operation: Update
    time: "2026-01-28T10:24:24Z"
  name: cluster-storage-operator-lock
  namespace: openshift-cluster-storage-operator
  resourceVersion: "34798"
  uid: 4657a7d8-1487-40aa-8449-4742f5681856
spec:
  acquireTime: "2026-01-28T09:31:05.111408Z"
  holderIdentity: cluster-storage-operator-97b755d8c-z5w4v_f266dd9d-6c42-46d3-9c6f-6e1a195f2eec
  leaseDurationSeconds: 137
  leaseTransitions: 0
  renewTime: "2026-01-28T10:24:24.044173Z"
