---
apiVersion: coordination.k8s.io/v1
kind: Lease
metadata:
  creationTimestamp: "2026-01-28T09:31:11Z"
  managedFields:
  - apiVersion: coordination.k8s.io/v1
    fieldsType: FieldsV1
    fieldsV1:
      f:spec:
        f:acquireTime: {}
        f:holderIdentity: {}
        f:leaseDurationSeconds: {}
        f:leaseTransitions: {}
        f:renewTime: {}
    manager: aws-ebs-csi-driver-operator
    operation: Update
    time: "2026-01-28T10:24:30Z"
  name: aws-ebs-csi-driver-operator-lock
  namespace: openshift-cluster-csi-drivers
  resourceVersion: "34848"
  uid: 47805466-ef15-4659-b5b0-a2db431f8ac4
spec:
  acquireTime: "2026-01-28T09:31:11.871932Z"
  holderIdentity: aws-ebs-csi-driver-operator-58fb94fb4b-8qj5n_4ea75e43-bc89-484b-8fbb-dfbebc67bfa8
  leaseDurationSeconds: 137
  leaseTransitions: 0
  renewTime: "2026-01-28T10:24:30.721812Z"
