---
apiVersion: coordination.k8s.io/v1
kind: Lease
metadata:
  creationTimestamp: "2026-01-28T09:41:03Z"
  managedFields:
  - apiVersion: coordination.k8s.io/v1
    fieldsType: FieldsV1
    fieldsV1:
      f:spec:
        f:acquireTime: {}
        f:holderIdentity: {}
        f:leaseDurationSeconds: {}
        f:leaseTransitions: {}
        f:renewTime: {}
    manager: cluster-kube-controller-manager-operator
    operation: Update
    time: "2026-01-28T10:24:22Z"
  name: cert-recovery-controller-lock
  namespace: openshift-kube-controller-manager
  resourceVersion: "34790"
  uid: dd734c97-e789-4a49-bba4-ec59e4bbd454
spec:
  acquireTime: "2026-01-28T09:47:06.419138Z"
  holderIdentity: ip-10-0-102-200_64ffdf57-ebb7-4d04-9927-503e00a117ab
  leaseDurationSeconds: 137
  leaseTransitions: 2
  renewTime: "2026-01-28T10:24:22.932417Z"
