---
apiVersion: coordination.k8s.io/v1
kind: Lease
metadata:
  creationTimestamp: "2026-01-28T09:30:32Z"
  managedFields:
  - apiVersion: coordination.k8s.io/v1
    fieldsType: FieldsV1
    fieldsV1:
      f:spec:
        f:acquireTime: {}
        f:holderIdentity: {}
        f:leaseDurationSeconds: {}
        f:leaseTransitions: {}
        f:renewTime: {}
    manager: authentication-operator
    operation: Update
    time: "2026-01-28T10:24:28Z"
  name: cluster-authentication-operator-lock
  namespace: openshift-authentication-operator
  resourceVersion: "34843"
  uid: 27ae837d-703a-49ba-9b06-2d6b6880ceaa
spec:
  acquireTime: "2026-01-28T09:32:01.005419Z"
  holderIdentity: authentication-operator-7455db8cdd-mtphg_a11958c0-8aff-4afc-bbc6-bd0e320f4daa
  leaseDurationSeconds: 137
  leaseTransitions: 1
  renewTime: "2026-01-28T10:24:28.243196Z"
