---
apiVersion: coordination.k8s.io/v1
kind: Lease
metadata:
  creationTimestamp: "2026-01-28T09:30:34Z"
  managedFields:
  - apiVersion: coordination.k8s.io/v1
    fieldsType: FieldsV1
    fieldsV1:
      f:spec:
        f:acquireTime: {}
        f:holderIdentity: {}
        f:leaseDurationSeconds: {}
        f:leaseTransitions: {}
        f:renewTime: {}
    manager: cluster-kube-controller-manager-operator
    operation: Update
    time: "2026-01-28T10:24:13Z"
  name: kube-controller-manager-operator-lock
  namespace: openshift-kube-controller-manager-operator
  resourceVersion: "34755"
  uid: 016e3b05-82a9-4ceb-a4bc-1582c0f91b1a
spec:
  acquireTime: "2026-01-28T09:32:07.212992Z"
  holderIdentity: kube-controller-manager-operator-644b4cd777-tgwmp_f76cd94f-43a0-4a64-9765-b1576d240d4b
  leaseDurationSeconds: 137
  leaseTransitions: 1
  renewTime: "2026-01-28T10:24:13.074451Z"
