---
apiVersion: coordination.k8s.io/v1
kind: Lease
metadata:
  creationTimestamp: "2026-01-28T09:24:16Z"
  managedFields:
  - apiVersion: coordination.k8s.io/v1
    fieldsType: FieldsV1
    fieldsV1:
      f:spec:
        f:acquireTime: {}
        f:holderIdentity: {}
        f:leaseDurationSeconds: {}
        f:leaseTransitions: {}
        f:renewTime: {}
    manager: cluster-policy-controller
    operation: Update
    time: "2026-01-28T09:39:36Z"
  name: cluster-policy-controller-lock
  namespace: kube-system
  resourceVersion: "17731"
  uid: fb89df96-883a-413a-89e4-fabd021308d7
spec:
  acquireTime: "2026-01-28T09:39:36.324085Z"
  holderIdentity: ""
  leaseDurationSeconds: 1
  leaseTransitions: 0
  renewTime: "2026-01-28T09:39:36.324085Z"
